
Microsoft Visual Studio Solution File, Format Version 12.00
# Visual Studio Version 16
VisualStudioVersion = 16.0.32106.194
MinimumVisualStudioVersion = 10.0.40219.1
Project("{FAE04EC0-301F-11D3-BF4B-00C04F79EFBC}") = "Lab_19", "Lab_19\Lab_19.csproj", "{238E0B75-A627-460E-95FC-BB91D0180076}"
EndProject
Global
	GlobalSection(SolutionConfigurationPlatforms) = preSolution
		Debug|Any CPU = Debug|Any CPU
		Release|Any CPU = Release|Any CPU
	EndGlobalSection
	GlobalSection(ProjectConfigurationPlatforms) = postSolution
		{238E0B75-A627-460E-95FC-BB91D0180076}.Debug|Any CPU.ActiveCfg = Debug|Any CPU
		{238E0B75-A627-460E-95FC-BB91D0180076}.Debug|Any CPU.Build.0 = Debug|Any CPU
		{238E0B75-A627-460E-95FC-BB91D0180076}.Release|Any CPU.ActiveCfg = Release|Any CPU
		{238E0B75-A627-460E-95FC-BB91D0180076}.Release|Any CPU.Build.0 = Release|Any CPU
	EndGlobalSection
	GlobalSection(SolutionProperties) = preSolution
		HideSolutionNode = FALSE
	EndGlobalSection
	GlobalSection(ExtensibilityGlobals) = postSolution
		SolutionGuid = {83553021-BD2E-4A21-A2DE-D63547F9236F}
	EndGlobalSection
EndGlobal
